
Microsoft Visual Studio Solution File, Format Version 12.00
# Visual Studio Version 16
VisualStudioVersion = 16.0.30804.86
MinimumVisualStudioVersion = 10.0.40219.1
Project("{FAE04EC0-301F-11D3-BF4B-00C04F79EFBC}") = "NetTest", "NetTest\NetTest.csproj", "{536B0E4A-3943-4A86-9DE1-01E3E5B94365}"
EndProject
Global
	GlobalSection(SolutionConfigurationPlatforms) = preSolution
		Debug|Any CPU = Debug|Any CPU
		Release|Any CPU = Release|Any CPU
	EndGlobalSection
	GlobalSection(ProjectConfigurationPlatforms) = postSolution
		{536B0E4A-3943-4A86-9DE1-01E3E5B94365}.Debug|Any CPU.ActiveCfg = Debug|Any CPU
		{536B0E4A-3943-4A86-9DE1-01E3E5B94365}.Debug|Any CPU.Build.0 = Debug|Any CPU
		{536B0E4A-3943-4A86-9DE1-01E3E5B94365}.Release|Any CPU.ActiveCfg = Release|Any CPU
		{536B0E4A-3943-4A86-9DE1-01E3E5B94365}.Release|Any CPU.Build.0 = Release|Any CPU
	EndGlobalSection
	GlobalSection(SolutionProperties) = preSolution
		HideSolutionNode = FALSE
	EndGlobalSection
	GlobalSection(ExtensibilityGlobals) = postSolution
		SolutionGuid = {091A7706-D9EB-494B-BC93-2FC8FBB3EA16}
	EndGlobalSection
EndGlobal
